
Microsoft Visual Studio Solution File, Format Version 12.00
# Visual Studio Version 16
VisualStudioVersion = 16.0.30717.126
MinimumVisualStudioVersion = 10.0.40219.1
Project("{9A19103F-16F7-4668-BE54-9A1E7A4F7556}") = "TestingProgram", "TestingProgram\TestingProgram.csproj", "{4C80DC8D-FFA5-4CF8-8FCC-C8AA1EE48FD6}"
EndProject
Project("{FAE04EC0-301F-11D3-BF4B-00C04F79EFBC}") = "TestingProgramCoreLayer", "TestingProgramCoreLayer\TestingProgramCoreLayer.csproj", "{73A2BDC5-F65F-48D9-966C-257A2A68EE6F}"
EndProject
Project("{FAE04EC0-301F-11D3-BF4B-00C04F79EFBC}") = "TestingProgramDataLayer", "TestingProgramDataLayer\TestingProgramDataLayer.csproj", "{2EC240CE-9F0A-4EF1-BA99-C910DA1E15E7}"
EndProject
Global
	GlobalSection(SolutionConfigurationPlatforms) = preSolution
		Debug|Any CPU = Debug|Any CPU
		Release|Any CPU = Release|Any CPU
	EndGlobalSection
	GlobalSection(ProjectConfigurationPlatforms) = postSolution
		{4C80DC8D-FFA5-4CF8-8FCC-C8AA1EE48FD6}.Debug|Any CPU.ActiveCfg = Debug|Any CPU
		{4C80DC8D-FFA5-4CF8-8FCC-C8AA1EE48FD6}.Debug|Any CPU.Build.0 = Debug|Any CPU
		{4C80DC8D-FFA5-4CF8-8FCC-C8AA1EE48FD6}.Release|Any CPU.ActiveCfg = Release|Any CPU
		{4C80DC8D-FFA5-4CF8-8FCC-C8AA1EE48FD6}.Release|Any CPU.Build.0 = Release|Any CPU
		{73A2BDC5-F65F-48D9-966C-257A2A68EE6F}.Debug|Any CPU.ActiveCfg = Debug|Any CPU
		{73A2BDC5-F65F-48D9-966C-257A2A68EE6F}.Debug|Any CPU.Build.0 = Debug|Any CPU
		{73A2BDC5-F65F-48D9-966C-257A2A68EE6F}.Release|Any CPU.ActiveCfg = Release|Any CPU
		{73A2BDC5-F65F-48D9-966C-257A2A68EE6F}.Release|Any CPU.Build.0 = Release|Any CPU
		{2EC240CE-9F0A-4EF1-BA99-C910DA1E15E7}.Debug|Any CPU.ActiveCfg = Debug|Any CPU
		{2EC240CE-9F0A-4EF1-BA99-C910DA1E15E7}.Debug|Any CPU.Build.0 = Debug|Any CPU
		{2EC240CE-9F0A-4EF1-BA99-C910DA1E15E7}.Release|Any CPU.ActiveCfg = Release|Any CPU
		{2EC240CE-9F0A-4EF1-BA99-C910DA1E15E7}.Release|Any CPU.Build.0 = Release|Any CPU
	EndGlobalSection
	GlobalSection(SolutionProperties) = preSolution
		HideSolutionNode = FALSE
	EndGlobalSection
	GlobalSection(ExtensibilityGlobals) = postSolution
		SolutionGuid = {56BC8097-8C9B-4381-9FC6-19619ACA751D}
	EndGlobalSection
EndGlobal
